// !$*UTF8*$!
{
	archiveVersion = 1;
	classes = {
	};
	objectVersion = 46;
	objects = {

/* Begin PBXBuildFile section */
		226362C32108C4C3006C7C3D /* O2MLogger.m in Sources */ = {isa = PBXBuildFile; fileRef = 226362C22108C4C3006C7C3D /* O2MLogger.m */; };
		22701190213542440031A282 /* UIViewController.m in Sources */ = {isa = PBXBuildFile; fileRef = 2270118F213542440031A282 /* UIViewController.m */; };
		229073FB210B2460009A29CD /* O2MEventTests.m in Sources */ = {isa = PBXBuildFile; fileRef = 229073FA210B2460009A29CD /* O2MEventTests.m */; };
		22B7AB2520FDF4FF007BC5D8 /* O2MUtil.m in Sources */ = {isa = PBXBuildFile; fileRef = 22B7AB2420FDF4FF007BC5D8 /* O2MUtil.m */; };
		22B7AB3020FF740E007BC5D8 /* O2MEventManager.m in Sources */ = {isa = PBXBuildFile; fileRef = 22B7AB2F20FF740E007BC5D8 /* O2MEventManager.m */; };
		22B7AB332100970A007BC5D8 /* O2MEvent.m in Sources */ = {isa = PBXBuildFile; fileRef = 22B7AB322100970A007BC5D8 /* O2MEvent.m */; };
		22B7AB362100C0A3007BC5D8 /* O2MBatchManager.m in Sources */ = {isa = PBXBuildFile; fileRef = 22B7AB352100C0A3007BC5D8 /* O2MBatchManager.m */; };
		22C1581221088FE500A18575 /* libdatastreams.a in Frameworks */ = {isa = PBXBuildFile; fileRef = 3CB18376E4BAE82EB902F81E /* libdatastreams.a */; };
		22C158182108970A00A18575 /* EventManagerTests.m in Sources */ = {isa = PBXBuildFile; fileRef = 22C1580F21088FE500A18575 /* EventManagerTests.m */; };
		22D856A0213EB8B7009FEB3E /* O2MConfig.m in Sources */ = {isa = PBXBuildFile; fileRef = 22D8569F213EB8B7009FEB3E /* O2MConfig.m */; };
		22F55110210216F700B4F7BA /* O2MBatch.m in Sources */ = {isa = PBXBuildFile; fileRef = 22F5510F210216F700B4F7BA /* O2MBatch.m */; };
		3CB1809DAFBA70A47D8F54D2 /* O2MTagger.m in Sources */ = {isa = PBXBuildFile; fileRef = 3CB1885C2EC31A31FD51D342 /* O2MTagger.m */; };
		3CB1841CBEC27153901A4A5C /* O2MDispatcher.m in Sources */ = {isa = PBXBuildFile; fileRef = 3CB18A1D2CF6C3E9CFBD0160 /* O2MDispatcher.m */; };
		3CB18B283CA5676866573F4D /* O2MTagger.h in CopyFiles */ = {isa = PBXBuildFile; fileRef = 3CB18B0DE2FAF82863390BA4 /* O2MTagger.h */; };
		E685A8B81D59BBD60048544E /* O2MC.m in Sources */ = {isa = PBXBuildFile; fileRef = E685A8B71D59BBD60048544E /* O2MC.m */; };
/* End PBXBuildFile section */

/* Begin PBXContainerItemProxy section */
		22C1581321088FE500A18575 /* PBXContainerItemProxy */ = {
			isa = PBXContainerItemProxy;
			containerPortal = 3CB18830619F92436E12AF54 /* Project object */;
			proxyType = 1;
			remoteGlobalIDString = 3CB186CD2A6A8575D2DFBD56;
			remoteInfo = datastreams;
		};
/* End PBXContainerItemProxy section */

/* Begin PBXCopyFilesBuildPhase section */
		3CB18DE1BBD9A59E3B593520 /* CopyFiles */ = {
			isa = PBXCopyFilesBuildPhase;
			buildActionMask = 2147483647;
			dstPath = "include/$(PRODUCT_NAME)";
			dstSubfolderSpec = 16;
			files = (
				3CB18B283CA5676866573F4D /* O2MTagger.h in CopyFiles */,
			);
			runOnlyForDeploymentPostprocessing = 0;
		};
/* End PBXCopyFilesBuildPhase section */

/* Begin PBXFileReference section */
		226362C12108BF04006C7C3D /* O2MLogger.h */ = {isa = PBXFileReference; lastKnownFileType = sourcecode.c.h; path = O2MLogger.h; sourceTree = "<group>"; };
		226362C22108C4C3006C7C3D /* O2MLogger.m */ = {isa = PBXFileReference; lastKnownFileType = sourcecode.c.objc; path = O2MLogger.m; sourceTree = "<group>"; };
		2270118F213542440031A282 /* UIViewController.m */ = {isa = PBXFileReference; lastKnownFileType = sourcecode.c.objc; path = UIViewController.m; sourceTree = "<group>"; };
		229073FA210B2460009A29CD /* O2MEventTests.m */ = {isa = PBXFileReference; lastKnownFileType = sourcecode.c.objc; path = O2MEventTests.m; sourceTree = "<group>"; };
		22B7AB2420FDF4FF007BC5D8 /* O2MUtil.m */ = {isa = PBXFileReference; lastKnownFileType = sourcecode.c.objc; path = O2MUtil.m; sourceTree = "<group>"; };
		22B7AB2820FE0177007BC5D8 /* O2MUtil.h */ = {isa = PBXFileReference; lastKnownFileType = sourcecode.c.h; path = O2MUtil.h; sourceTree = "<group>"; };
		22B7AB2E20FF71E7007BC5D8 /* O2MEventManager.h */ = {isa = PBXFileReference; lastKnownFileType = sourcecode.c.h; path = O2MEventManager.h; sourceTree = "<group>"; };
		22B7AB2F20FF740E007BC5D8 /* O2MEventManager.m */ = {isa = PBXFileReference; lastKnownFileType = sourcecode.c.objc; path = O2MEventManager.m; sourceTree = "<group>"; };
		22B7AB3121009655007BC5D8 /* O2MEvent.h */ = {isa = PBXFileReference; lastKnownFileType = sourcecode.c.h; path = O2MEvent.h; sourceTree = "<group>"; };
		22B7AB322100970A007BC5D8 /* O2MEvent.m */ = {isa = PBXFileReference; lastKnownFileType = sourcecode.c.objc; path = O2MEvent.m; sourceTree = "<group>"; };
		22B7AB342100BCB9007BC5D8 /* O2MBatchManager.h */ = {isa = PBXFileReference; lastKnownFileType = sourcecode.c.h; path = O2MBatchManager.h; sourceTree = "<group>"; };
		22B7AB352100C0A3007BC5D8 /* O2MBatchManager.m */ = {isa = PBXFileReference; lastKnownFileType = sourcecode.c.objc; path = O2MBatchManager.m; sourceTree = "<group>"; };
		22C1580D21088FE400A18575 /* Tests.xctest */ = {isa = PBXFileReference; explicitFileType = wrapper.cfbundle; includeInIndex = 0; path = Tests.xctest; sourceTree = BUILT_PRODUCTS_DIR; };
		22C1580F21088FE500A18575 /* EventManagerTests.m */ = {isa = PBXFileReference; lastKnownFileType = sourcecode.c.objc; path = EventManagerTests.m; sourceTree = "<group>"; };
		22C1581121088FE500A18575 /* Info.plist */ = {isa = PBXFileReference; lastKnownFileType = text.plist.xml; path = Info.plist; sourceTree = "<group>"; };
		22D8569E213EB7C4009FEB3E /* O2MConfig.h */ = {isa = PBXFileReference; lastKnownFileType = sourcecode.c.h; path = O2MConfig.h; sourceTree = "<group>"; };
		22D8569F213EB8B7009FEB3E /* O2MConfig.m */ = {isa = PBXFileReference; lastKnownFileType = sourcecode.c.objc; path = O2MConfig.m; sourceTree = "<group>"; };
		22F5510C2101F31B00B4F7BA /* O2MDispatcherDelegate.h */ = {isa = PBXFileReference; lastKnownFileType = sourcecode.c.h; path = O2MDispatcherDelegate.h; sourceTree = "<group>"; };
		22F5510E210215CF00B4F7BA /* O2MBatch.h */ = {isa = PBXFileReference; lastKnownFileType = sourcecode.c.h; path = O2MBatch.h; sourceTree = "<group>"; };
		22F5510F210216F700B4F7BA /* O2MBatch.m */ = {isa = PBXFileReference; lastKnownFileType = sourcecode.c.objc; path = O2MBatch.m; sourceTree = "<group>"; };
		3CB18038EEAB8E83A3A0304C /* O2MDispatcher.h */ = {isa = PBXFileReference; fileEncoding = 4; lastKnownFileType = sourcecode.c.h; path = O2MDispatcher.h; sourceTree = "<group>"; };
		3CB18376E4BAE82EB902F81E /* libdatastreams.a */ = {isa = PBXFileReference; explicitFileType = archive.ar; includeInIndex = 0; path = libdatastreams.a; sourceTree = BUILT_PRODUCTS_DIR; };
		3CB1885C2EC31A31FD51D342 /* O2MTagger.m */ = {isa = PBXFileReference; lastKnownFileType = sourcecode.c.objc; path = O2MTagger.m; sourceTree = "<group>"; };
		3CB18A1D2CF6C3E9CFBD0160 /* O2MDispatcher.m */ = {isa = PBXFileReference; fileEncoding = 4; lastKnownFileType = sourcecode.c.objc; path = O2MDispatcher.m; sourceTree = "<group>"; };
		3CB18B0DE2FAF82863390BA4 /* O2MTagger.h */ = {isa = PBXFileReference; lastKnownFileType = sourcecode.c.h; path = O2MTagger.h; sourceTree = "<group>"; };
		E685A8B71D59BBD60048544E /* O2MC.m */ = {isa = PBXFileReference; fileEncoding = 4; lastKnownFileType = sourcecode.c.objc; path = O2MC.m; sourceTree = "<group>"; };
		E685A8B91D59BBF20048544E /* O2MC.h */ = {isa = PBXFileReference; lastKnownFileType = sourcecode.c.h; path = O2MC.h; sourceTree = "<group>"; };
/* End PBXFileReference section */

/* Begin PBXFrameworksBuildPhase section */
		22C1580A21088FE400A18575 /* Frameworks */ = {
			isa = PBXFrameworksBuildPhase;
			buildActionMask = 2147483647;
			files = (
				22C1581221088FE500A18575 /* libdatastreams.a in Frameworks */,
			);
			runOnlyForDeploymentPostprocessing = 0;
		};
		3CB18B3CFDC00EB51C609C7A /* Frameworks */ = {
			isa = PBXFrameworksBuildPhase;
			buildActionMask = 2147483647;
			files = (
			);
			runOnlyForDeploymentPostprocessing = 0;
		};
/* End PBXFrameworksBuildPhase section */

/* Begin PBXGroup section */
		22864336212C2D150015AD7A /* Models */ = {
			isa = PBXGroup;
			children = (
				22B7AB3121009655007BC5D8 /* O2MEvent.h */,
				22B7AB322100970A007BC5D8 /* O2MEvent.m */,
				22F5510E210215CF00B4F7BA /* O2MBatch.h */,
				22F5510F210216F700B4F7BA /* O2MBatch.m */,
			);
			path = Models;
			sourceTree = "<group>";
		};
		22C1580E21088FE500A18575 /* Tests */ = {
			isa = PBXGroup;
			children = (
				22C1580F21088FE500A18575 /* EventManagerTests.m */,
				22C1581121088FE500A18575 /* Info.plist */,
				229073FA210B2460009A29CD /* O2MEventTests.m */,
			);
			path = Tests;
			sourceTree = "<group>";
		};
		3CB1842C6C34AE6EEEBFBFD4 /* O2MC */ = {
			isa = PBXGroup;
			children = (
				22864336212C2D150015AD7A /* Models */,
				3CB18B0DE2FAF82863390BA4 /* O2MTagger.h */,
				3CB1885C2EC31A31FD51D342 /* O2MTagger.m */,
				3CB18A1D2CF6C3E9CFBD0160 /* O2MDispatcher.m */,
				3CB18038EEAB8E83A3A0304C /* O2MDispatcher.h */,
				E685A8B71D59BBD60048544E /* O2MC.m */,
				E685A8B91D59BBF20048544E /* O2MC.h */,
				22B7AB2420FDF4FF007BC5D8 /* O2MUtil.m */,
				22B7AB2820FE0177007BC5D8 /* O2MUtil.h */,
				22B7AB2E20FF71E7007BC5D8 /* O2MEventManager.h */,
				22B7AB2F20FF740E007BC5D8 /* O2MEventManager.m */,
				22B7AB342100BCB9007BC5D8 /* O2MBatchManager.h */,
				22B7AB352100C0A3007BC5D8 /* O2MBatchManager.m */,
				22F5510C2101F31B00B4F7BA /* O2MDispatcherDelegate.h */,
				226362C12108BF04006C7C3D /* O2MLogger.h */,
				226362C22108C4C3006C7C3D /* O2MLogger.m */,
				2270118F213542440031A282 /* UIViewController.m */,
				22D8569E213EB7C4009FEB3E /* O2MConfig.h */,
				22D8569F213EB8B7009FEB3E /* O2MConfig.m */,
			);
			path = O2MC;
			sourceTree = "<group>";
		};
		3CB1885C989F1D71E5DF1D64 /* Products */ = {
			isa = PBXGroup;
			children = (
				3CB18376E4BAE82EB902F81E /* libdatastreams.a */,
				22C1580D21088FE400A18575 /* Tests.xctest */,
			);
			name = Products;
			sourceTree = "<group>";
		};
		3CB18BC1C4669EA4442DF54E = {
			isa = PBXGroup;
			children = (
				22C1580E21088FE500A18575 /* Tests */,
				3CB1885C989F1D71E5DF1D64 /* Products */,
				3CB1842C6C34AE6EEEBFBFD4 /* O2MC */,
			);
			sourceTree = "<group>";
		};
/* End PBXGroup section */

/* Begin PBXNativeTarget section */
		22C1580C21088FE400A18575 /* Tests */ = {
			isa = PBXNativeTarget;
			buildConfigurationList = 22C1581721088FE500A18575 /* Build configuration list for PBXNativeTarget "Tests" */;
			buildPhases = (
				22C1580921088FE400A18575 /* Sources */,
				22C1580A21088FE400A18575 /* Frameworks */,
				22C1580B21088FE400A18575 /* Resources */,
			);
			buildRules = (
			);
			dependencies = (
				22C1581421088FE500A18575 /* PBXTargetDependency */,
			);
			name = Tests;
			productName = Tests;
			productReference = 22C1580D21088FE400A18575 /* Tests.xctest */;
			productType = "com.apple.product-type.bundle.unit-test";
		};
		3CB186CD2A6A8575D2DFBD56 /* datastreams */ = {
			isa = PBXNativeTarget;
			buildConfigurationList = 3CB1851D9F5B77C4B1BFCDD8 /* Build configuration list for PBXNativeTarget "datastreams" */;
			buildPhases = (
				3CB18AE98ED9FEE8CC935D28 /* Sources */,
				3CB18B3CFDC00EB51C609C7A /* Frameworks */,
				3CB18DE1BBD9A59E3B593520 /* CopyFiles */,
			);
			buildRules = (
			);
			dependencies = (
			);
			name = datastreams;
			productName = datastreams;
			productReference = 3CB18376E4BAE82EB902F81E /* libdatastreams.a */;
			productType = "com.apple.product-type.library.static";
		};
/* End PBXNativeTarget section */

/* Begin PBXProject section */
		3CB18830619F92436E12AF54 /* Project object */ = {
			isa = PBXProject;
			attributes = {
				CLASSPREFIX = O2M;
				LastUpgradeCheck = 0940;
				ORGANIZATIONNAME = Adversitement;
				TargetAttributes = {
					22C1580C21088FE400A18575 = {
						CreatedOnToolsVersion = 9.4.1;
						ProvisioningStyle = Automatic;
					};
				};
			};
			buildConfigurationList = 3CB18F93D9BF8DF8E55032EB /* Build configuration list for PBXProject "O2MC" */;
			compatibilityVersion = "Xcode 3.2";
			developmentRegion = English;
			hasScannedForEncodings = 0;
			knownRegions = (
				en,
			);
			mainGroup = 3CB18BC1C4669EA4442DF54E;
			productRefGroup = 3CB1885C989F1D71E5DF1D64 /* Products */;
			projectDirPath = "";
			projectRoot = "";
			targets = (
				3CB186CD2A6A8575D2DFBD56 /* datastreams */,
				22C1580C21088FE400A18575 /* Tests */,
			);
		};
/* End PBXProject section */

/* Begin PBXResourcesBuildPhase section */
		22C1580B21088FE400A18575 /* Resources */ = {
			isa = PBXResourcesBuildPhase;
			buildActionMask = 2147483647;
			files = (
			);
			runOnlyForDeploymentPostprocessing = 0;
		};
/* End PBXResourcesBuildPhase section */

/* Begin PBXSourcesBuildPhase section */
		22C1580921088FE400A18575 /* Sources */ = {
			isa = PBXSourcesBuildPhase;
			buildActionMask = 2147483647;
			files = (
				22C158182108970A00A18575 /* EventManagerTests.m in Sources */,
				229073FB210B2460009A29CD /* O2MEventTests.m in Sources */,
			);
			runOnlyForDeploymentPostprocessing = 0;
		};
		3CB18AE98ED9FEE8CC935D28 /* Sources */ = {
			isa = PBXSourcesBuildPhase;
			buildActionMask = 2147483647;
			files = (
				226362C32108C4C3006C7C3D /* O2MLogger.m in Sources */,
				22D856A0213EB8B7009FEB3E /* O2MConfig.m in Sources */,
				3CB1809DAFBA70A47D8F54D2 /* O2MTagger.m in Sources */,
				22B7AB332100970A007BC5D8 /* O2MEvent.m in Sources */,
				22B7AB3020FF740E007BC5D8 /* O2MEventManager.m in Sources */,
				22B7AB2520FDF4FF007BC5D8 /* O2MUtil.m in Sources */,
				22F55110210216F700B4F7BA /* O2MBatch.m in Sources */,
				3CB1841CBEC27153901A4A5C /* O2MDispatcher.m in Sources */,
				E685A8B81D59BBD60048544E /* O2MC.m in Sources */,
				22B7AB362100C0A3007BC5D8 /* O2MBatchManager.m in Sources */,
				22701190213542440031A282 /* UIViewController.m in Sources */,
			);
			runOnlyForDeploymentPostprocessing = 0;
		};
/* End PBXSourcesBuildPhase section */

/* Begin PBXTargetDependency section */
		22C1581421088FE500A18575 /* PBXTargetDependency */ = {
			isa = PBXTargetDependency;
			target = 3CB186CD2A6A8575D2DFBD56 /* datastreams */;
			targetProxy = 22C1581321088FE500A18575 /* PBXContainerItemProxy */;
		};
/* End PBXTargetDependency section */

/* Begin XCBuildConfiguration section */
		22C1581521088FE500A18575 /* Debug */ = {
			isa = XCBuildConfiguration;
			buildSettings = {
				CLANG_ANALYZER_NUMBER_OBJECT_CONVERSION = YES_AGGRESSIVE;
				CLANG_CXX_LANGUAGE_STANDARD = "gnu++14";
				CLANG_ENABLE_OBJC_WEAK = YES;
				CLANG_WARN_DOCUMENTATION_COMMENTS = YES;
				CLANG_WARN_UNGUARDED_AVAILABILITY = YES_AGGRESSIVE;
				CODE_SIGN_IDENTITY = "iPhone Developer";
				CODE_SIGN_STYLE = Automatic;
				GCC_C_LANGUAGE_STANDARD = gnu11;
				INFOPLIST_FILE = Tests/Info.plist;
				IPHONEOS_DEPLOYMENT_TARGET = 11.4;
				LD_RUNPATH_SEARCH_PATHS = "$(inherited) @executable_path/Frameworks @loader_path/Frameworks";
				PRODUCT_BUNDLE_IDENTIFIER = io.o2mc.sdk.Tests;
				PRODUCT_NAME = "$(TARGET_NAME)";
				TARGETED_DEVICE_FAMILY = "1,2";
			};
			name = Debug;
		};
		22C1581621088FE500A18575 /* Release */ = {
			isa = XCBuildConfiguration;
			buildSettings = {
				CLANG_ANALYZER_NUMBER_OBJECT_CONVERSION = YES_AGGRESSIVE;
				CLANG_CXX_LANGUAGE_STANDARD = "gnu++14";
				CLANG_ENABLE_OBJC_WEAK = YES;
				CLANG_WARN_DOCUMENTATION_COMMENTS = YES;
				CLANG_WARN_UNGUARDED_AVAILABILITY = YES_AGGRESSIVE;
				CODE_SIGN_IDENTITY = "iPhone Developer";
				CODE_SIGN_STYLE = Automatic;
				GCC_C_LANGUAGE_STANDARD = gnu11;
				INFOPLIST_FILE = Tests/Info.plist;
				IPHONEOS_DEPLOYMENT_TARGET = 11.4;
				LD_RUNPATH_SEARCH_PATHS = "$(inherited) @executable_path/Frameworks @loader_path/Frameworks";
				PRODUCT_BUNDLE_IDENTIFIER = io.o2mc.sdk.Tests;
				PRODUCT_NAME = "$(TARGET_NAME)";
				TARGETED_DEVICE_FAMILY = "1,2";
			};
			name = Release;
		};
		3CB181DB64D02BE3D530735E /* Debug */ = {
			isa = XCBuildConfiguration;
			buildSettings = {
				HEADER_SEARCH_PATHS = "";
				OTHER_CFLAGS = "";
				OTHER_LDFLAGS = "-ObjC";
				PRODUCT_NAME = "$(TARGET_NAME)";
				SKIP_INSTALL = YES;
			};
			name = Debug;
		};
		3CB1886E6F58C5D6D254C700 /* Release */ = {
			isa = XCBuildConfiguration;
			buildSettings = {
				ALWAYS_SEARCH_USER_PATHS = NO;
				CLANG_ANALYZER_NONNULL = YES;
				CLANG_CXX_LANGUAGE_STANDARD = "gnu++0x";
				CLANG_CXX_LIBRARY = "libc++";
				CLANG_ENABLE_MODULES = YES;
				CLANG_ENABLE_OBJC_ARC = YES;
				CLANG_WARN_BLOCK_CAPTURE_AUTORELEASING = YES;
				CLANG_WARN_BOOL_CONVERSION = YES;
				CLANG_WARN_COMMA = YES;
				CLANG_WARN_CONSTANT_CONVERSION = YES;
				CLANG_WARN_DEPRECATED_OBJC_IMPLEMENTATIONS = YES;
				CLANG_WARN_DIRECT_OBJC_ISA_USAGE = YES_ERROR;
				CLANG_WARN_EMPTY_BODY = YES;
				CLANG_WARN_ENUM_CONVERSION = YES;
				CLANG_WARN_INFINITE_RECURSION = YES;
				CLANG_WARN_INT_CONVERSION = YES;
				CLANG_WARN_NON_LITERAL_NULL_CONVERSION = YES;
				CLANG_WARN_OBJC_IMPLICIT_RETAIN_SELF = YES;
				CLANG_WARN_OBJC_LITERAL_CONVERSION = YES;
				CLANG_WARN_OBJC_ROOT_CLASS = YES_ERROR;
				CLANG_WARN_RANGE_LOOP_ANALYSIS = YES;
				CLANG_WARN_STRICT_PROTOTYPES = YES;
				CLANG_WARN_SUSPICIOUS_MOVE = YES;
				CLANG_WARN_UNREACHABLE_CODE = YES;
				CLANG_WARN__DUPLICATE_METHOD_MATCH = YES;
				"CODE_SIGN_IDENTITY[sdk=iphoneos*]" = "iPhone Developer";
				COPY_PHASE_STRIP = NO;
				DEBUG_INFORMATION_FORMAT = "dwarf-with-dsym";
				ENABLE_NS_ASSERTIONS = NO;
				ENABLE_STRICT_OBJC_MSGSEND = YES;
				GCC_C_LANGUAGE_STANDARD = gnu99;
				GCC_NO_COMMON_BLOCKS = YES;
				GCC_WARN_64_TO_32_BIT_CONVERSION = YES;
				GCC_WARN_ABOUT_RETURN_TYPE = YES_ERROR;
				GCC_WARN_UNDECLARED_SELECTOR = YES;
				GCC_WARN_UNINITIALIZED_AUTOS = YES_AGGRESSIVE;
				GCC_WARN_UNUSED_FUNCTION = YES;
				GCC_WARN_UNUSED_VARIABLE = YES;
				IPHONEOS_DEPLOYMENT_TARGET = 9.0;
				MTL_ENABLE_DEBUG_INFO = NO;
				OTHER_CFLAGS = "";
				SDKROOT = iphoneos;
				VALIDATE_PRODUCT = YES;
			};
			name = Release;
		};
		3CB18A68D8FACCE2A5BEE241 /* Debug */ = {
			isa = XCBuildConfiguration;
			buildSettings = {
				ALWAYS_SEARCH_USER_PATHS = NO;
				CLANG_ANALYZER_NONNULL = YES;
				CLANG_CXX_LANGUAGE_STANDARD = "gnu++0x";
				CLANG_CXX_LIBRARY = "libc++";
				CLANG_ENABLE_MODULES = YES;
				CLANG_ENABLE_OBJC_ARC = YES;
				CLANG_WARN_BLOCK_CAPTURE_AUTORELEASING = YES;
				CLANG_WARN_BOOL_CONVERSION = YES;
				CLANG_WARN_COMMA = YES;
				CLANG_WARN_CONSTANT_CONVERSION = YES;
				CLANG_WARN_DEPRECATED_OBJC_IMPLEMENTATIONS = YES;
				CLANG_WARN_DIRECT_OBJC_ISA_USAGE = YES_ERROR;
				CLANG_WARN_EMPTY_BODY = YES;
				CLANG_WARN_ENUM_CONVERSION = YES;
				CLANG_WARN_INFINITE_RECURSION = YES;
				CLANG_WARN_INT_CONVERSION = YES;
				CLANG_WARN_NON_LITERAL_NULL_CONVERSION = YES;
				CLANG_WARN_OBJC_IMPLICIT_RETAIN_SELF = YES;
				CLANG_WARN_OBJC_LITERAL_CONVERSION = YES;
				CLANG_WARN_OBJC_ROOT_CLASS = YES_ERROR;
				CLANG_WARN_RANGE_LOOP_ANALYSIS = YES;
				CLANG_WARN_STRICT_PROTOTYPES = YES;
				CLANG_WARN_SUSPICIOUS_MOVE = YES;
				CLANG_WARN_UNREACHABLE_CODE = YES;
				CLANG_WARN__DUPLICATE_METHOD_MATCH = YES;
				"CODE_SIGN_IDENTITY[sdk=iphoneos*]" = "iPhone Developer";
				COPY_PHASE_STRIP = NO;
				DEBUG_INFORMATION_FORMAT = dwarf;
				ENABLE_STRICT_OBJC_MSGSEND = YES;
				ENABLE_TESTABILITY = YES;
				GCC_C_LANGUAGE_STANDARD = gnu99;
				GCC_DYNAMIC_NO_PIC = NO;
				GCC_NO_COMMON_BLOCKS = YES;
				GCC_OPTIMIZATION_LEVEL = 0;
				GCC_PREPROCESSOR_DEFINITIONS = (
					"DEBUG=1",
					"$(inherited)",
				);
				GCC_WARN_64_TO_32_BIT_CONVERSION = YES;
				GCC_WARN_ABOUT_RETURN_TYPE = YES_ERROR;
				GCC_WARN_UNDECLARED_SELECTOR = YES;
				GCC_WARN_UNINITIALIZED_AUTOS = YES_AGGRESSIVE;
				GCC_WARN_UNUSED_FUNCTION = YES;
				GCC_WARN_UNUSED_VARIABLE = YES;
				IPHONEOS_DEPLOYMENT_TARGET = 9.0;
				MTL_ENABLE_DEBUG_INFO = YES;
				ONLY_ACTIVE_ARCH = YES;
				SDKROOT = iphoneos;
			};
			name = Debug;
		};
		3CB18BB85E1611A562F81E5C /* Release */ = {
			isa = XCBuildConfiguration;
			buildSettings = {
				HEADER_SEARCH_PATHS = "";
				OTHER_CFLAGS = "-DNDEBUG";
				OTHER_LDFLAGS = "-ObjC";
				PRODUCT_NAME = "$(TARGET_NAME)";
				SKIP_INSTALL = YES;
			};
			name = Release;
		};
/* End XCBuildConfiguration section */

/* Begin XCConfigurationList section */
		22C1581721088FE500A18575 /* Build configuration list for PBXNativeTarget "Tests" */ = {
			isa = XCConfigurationList;
			buildConfigurations = (
				22C1581521088FE500A18575 /* Debug */,
				22C1581621088FE500A18575 /* Release */,
			);
			defaultConfigurationIsVisible = 0;
			defaultConfigurationName = Release;
		};
		3CB1851D9F5B77C4B1BFCDD8 /* Build configuration list for PBXNativeTarget "datastreams" */ = {
			isa = XCConfigurationList;
			buildConfigurations = (
				3CB181DB64D02BE3D530735E /* Debug */,
				3CB18BB85E1611A562F81E5C /* Release */,
			);
			defaultConfigurationIsVisible = 0;
			defaultConfigurationName = Release;
		};
		3CB18F93D9BF8DF8E55032EB /* Build configuration list for PBXProject "O2MC" */ = {
			isa = XCConfigurationList;
			buildConfigurations = (
				3CB18A68D8FACCE2A5BEE241 /* Debug */,
				3CB1886E6F58C5D6D254C700 /* Release */,
			);
			defaultConfigurationIsVisible = 0;
			defaultConfigurationName = Release;
		};
/* End XCConfigurationList section */
	};
	rootObject = 3CB18830619F92436E12AF54 /* Project object */;
}
