// !$*UTF8*$!
{
	archiveVersion = 1;
	classes = {
	};
	objectVersion = 50;
	objects = {

/* Begin PBXBuildFile section */
		81CF9E3220F77B52009887B7 /* AppDelegate.swift in Sources */ = {isa = PBXBuildFile; fileRef = 81CF9E3120F77B52009887B7 /* AppDelegate.swift */; };
		81CF9E3420F77B52009887B7 /* ViewController.swift in Sources */ = {isa = PBXBuildFile; fileRef = 81CF9E3320F77B52009887B7 /* ViewController.swift */; };
		81CF9E3720F77B52009887B7 /* Main.storyboard in Resources */ = {isa = PBXBuildFile; fileRef = 81CF9E3520F77B52009887B7 /* Main.storyboard */; };
		81CF9E3920F77B56009887B7 /* Assets.xcassets in Resources */ = {isa = PBXBuildFile; fileRef = 81CF9E3820F77B56009887B7 /* Assets.xcassets */; };
		81CF9E3C20F77B56009887B7 /* LaunchScreen.storyboard in Resources */ = {isa = PBXBuildFile; fileRef = 81CF9E3A20F77B56009887B7 /* LaunchScreen.storyboard */; };
		81CF9E4720F77B56009887B7 /* app_swiftTests.swift in Sources */ = {isa = PBXBuildFile; fileRef = 81CF9E4620F77B56009887B7 /* app_swiftTests.swift */; };
		81CF9E5220F77B56009887B7 /* app_swiftUITests.swift in Sources */ = {isa = PBXBuildFile; fileRef = 81CF9E5120F77B56009887B7 /* app_swiftUITests.swift */; };
		81CF9E8B20F7A84B009887B7 /* libdatastreams.a in Frameworks */ = {isa = PBXBuildFile; fileRef = 81CF9E8620F7A7DE009887B7 /* libdatastreams.a */; };
/* End PBXBuildFile section */

/* Begin PBXContainerItemProxy section */
		81CF9E4320F77B56009887B7 /* PBXContainerItemProxy */ = {
			isa = PBXContainerItemProxy;
			containerPortal = 81CF9E2620F77B52009887B7 /* Project object */;
			proxyType = 1;
			remoteGlobalIDString = 81CF9E2D20F77B52009887B7;
			remoteInfo = "app-swift";
		};
		81CF9E4E20F77B56009887B7 /* PBXContainerItemProxy */ = {
			isa = PBXContainerItemProxy;
			containerPortal = 81CF9E2620F77B52009887B7 /* Project object */;
			proxyType = 1;
			remoteGlobalIDString = 81CF9E2D20F77B52009887B7;
			remoteInfo = "app-swift";
		};
		81CF9E8520F7A7DE009887B7 /* PBXContainerItemProxy */ = {
			isa = PBXContainerItemProxy;
			containerPortal = 81CF9E8120F7A7DE009887B7 /* O2MC.xcodeproj */;
			proxyType = 2;
			remoteGlobalIDString = 3CB18376E4BAE82EB902F81E;
			remoteInfo = datastreams;
		};
/* End PBXContainerItemProxy section */

/* Begin PBXFileReference section */
		81CF9E2E20F77B52009887B7 /* app-swift.app */ = {isa = PBXFileReference; explicitFileType = wrapper.application; includeInIndex = 0; path = "app-swift.app"; sourceTree = BUILT_PRODUCTS_DIR; };
		81CF9E3120F77B52009887B7 /* AppDelegate.swift */ = {isa = PBXFileReference; lastKnownFileType = sourcecode.swift; path = AppDelegate.swift; sourceTree = "<group>"; };
		81CF9E3320F77B52009887B7 /* ViewController.swift */ = {isa = PBXFileReference; lastKnownFileType = sourcecode.swift; path = ViewController.swift; sourceTree = "<group>"; };
		81CF9E3620F77B52009887B7 /* Base */ = {isa = PBXFileReference; lastKnownFileType = file.storyboard; name = Base; path = Base.lproj/Main.storyboard; sourceTree = "<group>"; };
		81CF9E3820F77B56009887B7 /* Assets.xcassets */ = {isa = PBXFileReference; lastKnownFileType = folder.assetcatalog; path = Assets.xcassets; sourceTree = "<group>"; };
		81CF9E3B20F77B56009887B7 /* Base */ = {isa = PBXFileReference; lastKnownFileType = file.storyboard; name = Base; path = Base.lproj/LaunchScreen.storyboard; sourceTree = "<group>"; };
		81CF9E3D20F77B56009887B7 /* Info.plist */ = {isa = PBXFileReference; lastKnownFileType = text.plist.xml; path = Info.plist; sourceTree = "<group>"; };
		81CF9E4220F77B56009887B7 /* app-swiftTests.xctest */ = {isa = PBXFileReference; explicitFileType = wrapper.cfbundle; includeInIndex = 0; path = "app-swiftTests.xctest"; sourceTree = BUILT_PRODUCTS_DIR; };
		81CF9E4620F77B56009887B7 /* app_swiftTests.swift */ = {isa = PBXFileReference; lastKnownFileType = sourcecode.swift; path = app_swiftTests.swift; sourceTree = "<group>"; };
		81CF9E4820F77B56009887B7 /* Info.plist */ = {isa = PBXFileReference; lastKnownFileType = text.plist.xml; path = Info.plist; sourceTree = "<group>"; };
		81CF9E4D20F77B56009887B7 /* app-swiftUITests.xctest */ = {isa = PBXFileReference; explicitFileType = wrapper.cfbundle; includeInIndex = 0; path = "app-swiftUITests.xctest"; sourceTree = BUILT_PRODUCTS_DIR; };
		81CF9E5120F77B56009887B7 /* app_swiftUITests.swift */ = {isa = PBXFileReference; lastKnownFileType = sourcecode.swift; path = app_swiftUITests.swift; sourceTree = "<group>"; };
		81CF9E5320F77B56009887B7 /* Info.plist */ = {isa = PBXFileReference; lastKnownFileType = text.plist.xml; path = Info.plist; sourceTree = "<group>"; };
		81CF9E8120F7A7DE009887B7 /* O2MC.xcodeproj */ = {isa = PBXFileReference; lastKnownFileType = "wrapper.pb-project"; name = O2MC.xcodeproj; path = ../sdk/O2MC.xcodeproj; sourceTree = "<group>"; };
		81CF9E8820F7A827009887B7 /* app-swift-Bridging-Header.h */ = {isa = PBXFileReference; lastKnownFileType = sourcecode.c.h; path = "app-swift-Bridging-Header.h"; sourceTree = "<group>"; };
/* End PBXFileReference section */

/* Begin PBXFrameworksBuildPhase section */
		81CF9E2B20F77B52009887B7 /* Frameworks */ = {
			isa = PBXFrameworksBuildPhase;
			buildActionMask = 2147483647;
			files = (
				81CF9E8B20F7A84B009887B7 /* libdatastreams.a in Frameworks */,
			);
			runOnlyForDeploymentPostprocessing = 0;
		};
		81CF9E3F20F77B56009887B7 /* Frameworks */ = {
			isa = PBXFrameworksBuildPhase;
			buildActionMask = 2147483647;
			files = (
			);
			runOnlyForDeploymentPostprocessing = 0;
		};
		81CF9E4A20F77B56009887B7 /* Frameworks */ = {
			isa = PBXFrameworksBuildPhase;
			buildActionMask = 2147483647;
			files = (
			);
			runOnlyForDeploymentPostprocessing = 0;
		};
/* End PBXFrameworksBuildPhase section */

/* Begin PBXGroup section */
		81CF9E2520F77B52009887B7 = {
			isa = PBXGroup;
			children = (
				81CF9E8120F7A7DE009887B7 /* O2MC.xcodeproj */,
				81CF9E3020F77B52009887B7 /* app-swift */,
				81CF9E4520F77B56009887B7 /* app-swiftTests */,
				81CF9E5020F77B56009887B7 /* app-swiftUITests */,
				81CF9E2F20F77B52009887B7 /* Products */,
				81CF9E5F20F78D1B009887B7 /* Frameworks */,
			);
			sourceTree = "<group>";
		};
		81CF9E2F20F77B52009887B7 /* Products */ = {
			isa = PBXGroup;
			children = (
				81CF9E2E20F77B52009887B7 /* app-swift.app */,
				81CF9E4220F77B56009887B7 /* app-swiftTests.xctest */,
				81CF9E4D20F77B56009887B7 /* app-swiftUITests.xctest */,
			);
			name = Products;
			sourceTree = "<group>";
		};
		81CF9E3020F77B52009887B7 /* app-swift */ = {
			isa = PBXGroup;
			children = (
				81CF9E3120F77B52009887B7 /* AppDelegate.swift */,
				81CF9E3320F77B52009887B7 /* ViewController.swift */,
				81CF9E3520F77B52009887B7 /* Main.storyboard */,
				81CF9E3820F77B56009887B7 /* Assets.xcassets */,
				81CF9E3A20F77B56009887B7 /* LaunchScreen.storyboard */,
				81CF9E3D20F77B56009887B7 /* Info.plist */,
				81CF9E8820F7A827009887B7 /* app-swift-Bridging-Header.h */,
			);
			path = "app-swift";
			sourceTree = "<group>";
		};
		81CF9E4520F77B56009887B7 /* app-swiftTests */ = {
			isa = PBXGroup;
			children = (
				81CF9E4620F77B56009887B7 /* app_swiftTests.swift */,
				81CF9E4820F77B56009887B7 /* Info.plist */,
			);
			path = "app-swiftTests";
			sourceTree = "<group>";
		};
		81CF9E5020F77B56009887B7 /* app-swiftUITests */ = {
			isa = PBXGroup;
			children = (
				81CF9E5120F77B56009887B7 /* app_swiftUITests.swift */,
				81CF9E5320F77B56009887B7 /* Info.plist */,
			);
			path = "app-swiftUITests";
			sourceTree = "<group>";
		};
		81CF9E5F20F78D1B009887B7 /* Frameworks */ = {
			isa = PBXGroup;
			children = (
			);
			name = Frameworks;
			sourceTree = "<group>";
		};
		81CF9E8220F7A7DE009887B7 /* Products */ = {
			isa = PBXGroup;
			children = (
				81CF9E8620F7A7DE009887B7 /* libdatastreams.a */,
			);
			name = Products;
			sourceTree = "<group>";
		};
/* End PBXGroup section */

/* Begin PBXNativeTarget section */
		81CF9E2D20F77B52009887B7 /* app-swift */ = {
			isa = PBXNativeTarget;
			buildConfigurationList = 81CF9E5620F77B56009887B7 /* Build configuration list for PBXNativeTarget "app-swift" */;
			buildPhases = (
				81CF9E2A20F77B52009887B7 /* Sources */,
				81CF9E2B20F77B52009887B7 /* Frameworks */,
				81CF9E2C20F77B52009887B7 /* Resources */,
			);
			buildRules = (
			);
			dependencies = (
			);
			name = "app-swift";
			productName = "app-swift";
			productReference = 81CF9E2E20F77B52009887B7 /* app-swift.app */;
			productType = "com.apple.product-type.application";
		};
		81CF9E4120F77B56009887B7 /* app-swiftTests */ = {
			isa = PBXNativeTarget;
			buildConfigurationList = 81CF9E5920F77B56009887B7 /* Build configuration list for PBXNativeTarget "app-swiftTests" */;
			buildPhases = (
				81CF9E3E20F77B56009887B7 /* Sources */,
				81CF9E3F20F77B56009887B7 /* Frameworks */,
				81CF9E4020F77B56009887B7 /* Resources */,
			);
			buildRules = (
			);
			dependencies = (
				81CF9E4420F77B56009887B7 /* PBXTargetDependency */,
			);
			name = "app-swiftTests";
			productName = "app-swiftTests";
			productReference = 81CF9E4220F77B56009887B7 /* app-swiftTests.xctest */;
			productType = "com.apple.product-type.bundle.unit-test";
		};
		81CF9E4C20F77B56009887B7 /* app-swiftUITests */ = {
			isa = PBXNativeTarget;
			buildConfigurationList = 81CF9E5C20F77B56009887B7 /* Build configuration list for PBXNativeTarget "app-swiftUITests" */;
			buildPhases = (
				81CF9E4920F77B56009887B7 /* Sources */,
				81CF9E4A20F77B56009887B7 /* Frameworks */,
				81CF9E4B20F77B56009887B7 /* Resources */,
			);
			buildRules = (
			);
			dependencies = (
				81CF9E4F20F77B56009887B7 /* PBXTargetDependency */,
			);
			name = "app-swiftUITests";
			productName = "app-swiftUITests";
			productReference = 81CF9E4D20F77B56009887B7 /* app-swiftUITests.xctest */;
			productType = "com.apple.product-type.bundle.ui-testing";
		};
/* End PBXNativeTarget section */

/* Begin PBXProject section */
		81CF9E2620F77B52009887B7 /* Project object */ = {
			isa = PBXProject;
			attributes = {
				LastSwiftUpdateCheck = 0940;
				LastUpgradeCheck = 0940;
				ORGANIZATIONNAME = o2mc;
				TargetAttributes = {
					81CF9E2D20F77B52009887B7 = {
						CreatedOnToolsVersion = 9.4.1;
						LastSwiftMigration = 0940;
					};
					81CF9E4120F77B56009887B7 = {
						CreatedOnToolsVersion = 9.4.1;
						TestTargetID = 81CF9E2D20F77B52009887B7;
					};
					81CF9E4C20F77B56009887B7 = {
						CreatedOnToolsVersion = 9.4.1;
						TestTargetID = 81CF9E2D20F77B52009887B7;
					};
				};
			};
			buildConfigurationList = 81CF9E2920F77B52009887B7 /* Build configuration list for PBXProject "app-swift" */;
			compatibilityVersion = "Xcode 9.3";
			developmentRegion = en;
			hasScannedForEncodings = 0;
			knownRegions = (
				en,
				Base,
			);
			mainGroup = 81CF9E2520F77B52009887B7;
			productRefGroup = 81CF9E2F20F77B52009887B7 /* Products */;
			projectDirPath = "";
			projectReferences = (
				{
					ProductGroup = 81CF9E8220F7A7DE009887B7 /* Products */;
					ProjectRef = 81CF9E8120F7A7DE009887B7 /* O2MC.xcodeproj */;
				},
			);
			projectRoot = "";
			targets = (
				81CF9E2D20F77B52009887B7 /* app-swift */,
				81CF9E4120F77B56009887B7 /* app-swiftTests */,
				81CF9E4C20F77B56009887B7 /* app-swiftUITests */,
			);
		};
/* End PBXProject section */

/* Begin PBXReferenceProxy section */
		81CF9E8620F7A7DE009887B7 /* libdatastreams.a */ = {
			isa = PBXReferenceProxy;
			fileType = archive.ar;
			path = libdatastreams.a;
			remoteRef = 81CF9E8520F7A7DE009887B7 /* PBXContainerItemProxy */;
			sourceTree = BUILT_PRODUCTS_DIR;
		};
/* End PBXReferenceProxy section */

/* Begin PBXResourcesBuildPhase section */
		81CF9E2C20F77B52009887B7 /* Resources */ = {
			isa = PBXResourcesBuildPhase;
			buildActionMask = 2147483647;
			files = (
				81CF9E3C20F77B56009887B7 /* LaunchScreen.storyboard in Resources */,
				81CF9E3920F77B56009887B7 /* Assets.xcassets in Resources */,
				81CF9E3720F77B52009887B7 /* Main.storyboard in Resources */,
			);
			runOnlyForDeploymentPostprocessing = 0;
		};
		81CF9E4020F77B56009887B7 /* Resources */ = {
			isa = PBXResourcesBuildPhase;
			buildActionMask = 2147483647;
			files = (
			);
			runOnlyForDeploymentPostprocessing = 0;
		};
		81CF9E4B20F77B56009887B7 /* Resources */ = {
			isa = PBXResourcesBuildPhase;
			buildActionMask = 2147483647;
			files = (
			);
			runOnlyForDeploymentPostprocessing = 0;
		};
/* End PBXResourcesBuildPhase section */

/* Begin PBXSourcesBuildPhase section */
		81CF9E2A20F77B52009887B7 /* Sources */ = {
			isa = PBXSourcesBuildPhase;
			buildActionMask = 2147483647;
			files = (
				81CF9E3420F77B52009887B7 /* ViewController.swift in Sources */,
				81CF9E3220F77B52009887B7 /* AppDelegate.swift in Sources */,
			);
			runOnlyForDeploymentPostprocessing = 0;
		};
		81CF9E3E20F77B56009887B7 /* Sources */ = {
			isa = PBXSourcesBuildPhase;
			buildActionMask = 2147483647;
			files = (
				81CF9E4720F77B56009887B7 /* app_swiftTests.swift in Sources */,
			);
			runOnlyForDeploymentPostprocessing = 0;
		};
		81CF9E4920F77B56009887B7 /* Sources */ = {
			isa = PBXSourcesBuildPhase;
			buildActionMask = 2147483647;
			files = (
				81CF9E5220F77B56009887B7 /* app_swiftUITests.swift in Sources */,
			);
			runOnlyForDeploymentPostprocessing = 0;
		};
/* End PBXSourcesBuildPhase section */

/* Begin PBXTargetDependency section */
		81CF9E4420F77B56009887B7 /* PBXTargetDependency */ = {
			isa = PBXTargetDependency;
			target = 81CF9E2D20F77B52009887B7 /* app-swift */;
			targetProxy = 81CF9E4320F77B56009887B7 /* PBXContainerItemProxy */;
		};
		81CF9E4F20F77B56009887B7 /* PBXTargetDependency */ = {
			isa = PBXTargetDependency;
			target = 81CF9E2D20F77B52009887B7 /* app-swift */;
			targetProxy = 81CF9E4E20F77B56009887B7 /* PBXContainerItemProxy */;
		};
/* End PBXTargetDependency section */

/* Begin PBXVariantGroup section */
		81CF9E3520F77B52009887B7 /* Main.storyboard */ = {
			isa = PBXVariantGroup;
			children = (
				81CF9E3620F77B52009887B7 /* Base */,
			);
			name = Main.storyboard;
			sourceTree = "<group>";
		};
		81CF9E3A20F77B56009887B7 /* LaunchScreen.storyboard */ = {
			isa = PBXVariantGroup;
			children = (
				81CF9E3B20F77B56009887B7 /* Base */,
			);
			name = LaunchScreen.storyboard;
			sourceTree = "<group>";
		};
/* End PBXVariantGroup section */

/* Begin XCBuildConfiguration section */
		81CF9E5420F77B56009887B7 /* Debug */ = {
			isa = XCBuildConfiguration;
			buildSettings = {
				ALWAYS_SEARCH_USER_PATHS = NO;
				CLANG_ANALYZER_NONNULL = YES;
				CLANG_ANALYZER_NUMBER_OBJECT_CONVERSION = YES_AGGRESSIVE;
				CLANG_CXX_LANGUAGE_STANDARD = "gnu++14";
				CLANG_CXX_LIBRARY = "libc++";
				CLANG_ENABLE_MODULES = YES;
				CLANG_ENABLE_OBJC_ARC = YES;
				CLANG_ENABLE_OBJC_WEAK = YES;
				CLANG_WARN_BLOCK_CAPTURE_AUTORELEASING = YES;
				CLANG_WARN_BOOL_CONVERSION = YES;
				CLANG_WARN_COMMA = YES;
				CLANG_WARN_CONSTANT_CONVERSION = YES;
				CLANG_WARN_DEPRECATED_OBJC_IMPLEMENTATIONS = YES;
				CLANG_WARN_DIRECT_OBJC_ISA_USAGE = YES_ERROR;
				CLANG_WARN_DOCUMENTATION_COMMENTS = YES;
				CLANG_WARN_EMPTY_BODY = YES;
				CLANG_WARN_ENUM_CONVERSION = YES;
				CLANG_WARN_INFINITE_RECURSION = YES;
				CLANG_WARN_INT_CONVERSION = YES;
				CLANG_WARN_NON_LITERAL_NULL_CONVERSION = YES;
				CLANG_WARN_OBJC_IMPLICIT_RETAIN_SELF = YES;
				CLANG_WARN_OBJC_LITERAL_CONVERSION = YES;
				CLANG_WARN_OBJC_ROOT_CLASS = YES_ERROR;
				CLANG_WARN_RANGE_LOOP_ANALYSIS = YES;
				CLANG_WARN_STRICT_PROTOTYPES = YES;
				CLANG_WARN_SUSPICIOUS_MOVE = YES;
				CLANG_WARN_UNGUARDED_AVAILABILITY = YES_AGGRESSIVE;
				CLANG_WARN_UNREACHABLE_CODE = YES;
				CLANG_WARN__DUPLICATE_METHOD_MATCH = YES;
				CODE_SIGN_IDENTITY = "iPhone Developer";
				COPY_PHASE_STRIP = NO;
				DEBUG_INFORMATION_FORMAT = dwarf;
				ENABLE_STRICT_OBJC_MSGSEND = YES;
				ENABLE_TESTABILITY = YES;
				FRAMEWORK_SEARCH_PATHS = "";
				GCC_C_LANGUAGE_STANDARD = gnu11;
				GCC_DYNAMIC_NO_PIC = NO;
				GCC_NO_COMMON_BLOCKS = YES;
				GCC_OPTIMIZATION_LEVEL = 0;
				GCC_PREPROCESSOR_DEFINITIONS = (
					"DEBUG=1",
					"$(inherited)",
				);
				GCC_WARN_64_TO_32_BIT_CONVERSION = YES;
				GCC_WARN_ABOUT_RETURN_TYPE = YES_ERROR;
				GCC_WARN_UNDECLARED_SELECTOR = YES;
				GCC_WARN_UNINITIALIZED_AUTOS = YES_AGGRESSIVE;
				GCC_WARN_UNUSED_FUNCTION = YES;
				GCC_WARN_UNUSED_VARIABLE = YES;
				HEADER_SEARCH_PATHS = "";
				IPHONEOS_DEPLOYMENT_TARGET = 11.4;
				MTL_ENABLE_DEBUG_INFO = YES;
				ONLY_ACTIVE_ARCH = YES;
				SDKROOT = iphoneos;
				SWIFT_ACTIVE_COMPILATION_CONDITIONS = DEBUG;
				SWIFT_OPTIMIZATION_LEVEL = "-Onone";
				USER_HEADER_SEARCH_PATHS = "";
			};
			name = Debug;
		};
		81CF9E5520F77B56009887B7 /* Release */ = {
			isa = XCBuildConfiguration;
			buildSettings = {
				ALWAYS_SEARCH_USER_PATHS = NO;
				CLANG_ANALYZER_NONNULL = YES;
				CLANG_ANALYZER_NUMBER_OBJECT_CONVERSION = YES_AGGRESSIVE;
				CLANG_CXX_LANGUAGE_STANDARD = "gnu++14";
				CLANG_CXX_LIBRARY = "libc++";
				CLANG_ENABLE_MODULES = YES;
				CLANG_ENABLE_OBJC_ARC = YES;
				CLANG_ENABLE_OBJC_WEAK = YES;
				CLANG_WARN_BLOCK_CAPTURE_AUTORELEASING = YES;
				CLANG_WARN_BOOL_CONVERSION = YES;
				CLANG_WARN_COMMA = YES;
				CLANG_WARN_CONSTANT_CONVERSION = YES;
				CLANG_WARN_DEPRECATED_OBJC_IMPLEMENTATIONS = YES;
				CLANG_WARN_DIRECT_OBJC_ISA_USAGE = YES_ERROR;
				CLANG_WARN_DOCUMENTATION_COMMENTS = YES;
				CLANG_WARN_EMPTY_BODY = YES;
				CLANG_WARN_ENUM_CONVERSION = YES;
				CLANG_WARN_INFINITE_RECURSION = YES;
				CLANG_WARN_INT_CONVERSION = YES;
				CLANG_WARN_NON_LITERAL_NULL_CONVERSION = YES;
				CLANG_WARN_OBJC_IMPLICIT_RETAIN_SELF = YES;
				CLANG_WARN_OBJC_LITERAL_CONVERSION = YES;
				CLANG_WARN_OBJC_ROOT_CLASS = YES_ERROR;
				CLANG_WARN_RANGE_LOOP_ANALYSIS = YES;
				CLANG_WARN_STRICT_PROTOTYPES = YES;
				CLANG_WARN_SUSPICIOUS_MOVE = YES;
				CLANG_WARN_UNGUARDED_AVAILABILITY = YES_AGGRESSIVE;
				CLANG_WARN_UNREACHABLE_CODE = YES;
				CLANG_WARN__DUPLICATE_METHOD_MATCH = YES;
				CODE_SIGN_IDENTITY = "iPhone Developer";
				COPY_PHASE_STRIP = NO;
				DEBUG_INFORMATION_FORMAT = "dwarf-with-dsym";
				ENABLE_NS_ASSERTIONS = NO;
				ENABLE_STRICT_OBJC_MSGSEND = YES;
				FRAMEWORK_SEARCH_PATHS = "";
				GCC_C_LANGUAGE_STANDARD = gnu11;
				GCC_NO_COMMON_BLOCKS = YES;
				GCC_WARN_64_TO_32_BIT_CONVERSION = YES;
				GCC_WARN_ABOUT_RETURN_TYPE = YES_ERROR;
				GCC_WARN_UNDECLARED_SELECTOR = YES;
				GCC_WARN_UNINITIALIZED_AUTOS = YES_AGGRESSIVE;
				GCC_WARN_UNUSED_FUNCTION = YES;
				GCC_WARN_UNUSED_VARIABLE = YES;
				HEADER_SEARCH_PATHS = "";
				IPHONEOS_DEPLOYMENT_TARGET = 11.4;
				MTL_ENABLE_DEBUG_INFO = NO;
				SDKROOT = iphoneos;
				SWIFT_COMPILATION_MODE = wholemodule;
				SWIFT_OPTIMIZATION_LEVEL = "-O";
				USER_HEADER_SEARCH_PATHS = "";
				VALIDATE_PRODUCT = YES;
			};
			name = Release;
		};
		81CF9E5720F77B56009887B7 /* Debug */ = {
			isa = XCBuildConfiguration;
			buildSettings = {
				ALWAYS_SEARCH_USER_PATHS = NO;
				ASSETCATALOG_COMPILER_APPICON_NAME = AppIcon;
				CLANG_ENABLE_MODULES = YES;
				CODE_SIGN_STYLE = Automatic;
				HEADER_SEARCH_PATHS = "";
				INFOPLIST_FILE = "app-swift/Info.plist";
				IPHONEOS_DEPLOYMENT_TARGET = 9.0;
				LD_RUNPATH_SEARCH_PATHS = (
					"$(inherited)",
					"@executable_path/Frameworks",
				);
				LIBRARY_SEARCH_PATHS = "$(SRCROOT)/../sdk/**";
				PRODUCT_BUNDLE_IDENTIFIER = "io.o2mc.app-swift";
				PRODUCT_NAME = "$(TARGET_NAME)";
				SWIFT_OBJC_BRIDGING_HEADER = "app-swift/app-swift-Bridging-Header.h";
				SWIFT_OPTIMIZATION_LEVEL = "-Onone";
				SWIFT_VERSION = 4.0;
				TARGETED_DEVICE_FAMILY = "1,2";
				USER_HEADER_SEARCH_PATHS = "$(SRCROOT)/../sdk/**";
			};
			name = Debug;
		};
		81CF9E5820F77B56009887B7 /* Release */ = {
			isa = XCBuildConfiguration;
			buildSettings = {
				ALWAYS_SEARCH_USER_PATHS = NO;
				ASSETCATALOG_COMPILER_APPICON_NAME = AppIcon;
				CLANG_ENABLE_MODULES = YES;
				CODE_SIGN_STYLE = Automatic;
				HEADER_SEARCH_PATHS = "";
				INFOPLIST_FILE = "app-swift/Info.plist";
				IPHONEOS_DEPLOYMENT_TARGET = 9.0;
				LD_RUNPATH_SEARCH_PATHS = (
					"$(inherited)",
					"@executable_path/Frameworks",
				);
				LIBRARY_SEARCH_PATHS = "$(SRCROOT)/../sdk/**";
				PRODUCT_BUNDLE_IDENTIFIER = "io.o2mc.app-swift";
				PRODUCT_NAME = "$(TARGET_NAME)";
				SWIFT_OBJC_BRIDGING_HEADER = "app-swift/app-swift-Bridging-Header.h";
				SWIFT_VERSION = 4.0;
				TARGETED_DEVICE_FAMILY = "1,2";
				USER_HEADER_SEARCH_PATHS = "$(SRCROOT)/../sdk/**";
			};
			name = Release;
		};
		81CF9E5A20F77B56009887B7 /* Debug */ = {
			isa = XCBuildConfiguration;
			buildSettings = {
				ALWAYS_EMBED_SWIFT_STANDARD_LIBRARIES = YES;
				BUNDLE_LOADER = "$(TEST_HOST)";
				CODE_SIGN_STYLE = Automatic;
				INFOPLIST_FILE = "app-swiftTests/Info.plist";
				LD_RUNPATH_SEARCH_PATHS = (
					"$(inherited)",
					"@executable_path/Frameworks",
					"@loader_path/Frameworks",
				);
				PRODUCT_BUNDLE_IDENTIFIER = "io.o2mc.app-swiftTests";
				PRODUCT_NAME = "$(TARGET_NAME)";
				SWIFT_VERSION = 4.0;
				TARGETED_DEVICE_FAMILY = "1,2";
				TEST_HOST = "$(BUILT_PRODUCTS_DIR)/app-swift.app/app-swift";
			};
			name = Debug;
		};
		81CF9E5B20F77B56009887B7 /* Release */ = {
			isa = XCBuildConfiguration;
			buildSettings = {
				ALWAYS_EMBED_SWIFT_STANDARD_LIBRARIES = YES;
				BUNDLE_LOADER = "$(TEST_HOST)";
				CODE_SIGN_STYLE = Automatic;
				INFOPLIST_FILE = "app-swiftTests/Info.plist";
				LD_RUNPATH_SEARCH_PATHS = (
					"$(inherited)",
					"@executable_path/Frameworks",
					"@loader_path/Frameworks",
				);
				PRODUCT_BUNDLE_IDENTIFIER = "io.o2mc.app-swiftTests";
				PRODUCT_NAME = "$(TARGET_NAME)";
				SWIFT_VERSION = 4.0;
				TARGETED_DEVICE_FAMILY = "1,2";
				TEST_HOST = "$(BUILT_PRODUCTS_DIR)/app-swift.app/app-swift";
			};
			name = Release;
		};
		81CF9E5D20F77B56009887B7 /* Debug */ = {
			isa = XCBuildConfiguration;
			buildSettings = {
				ALWAYS_EMBED_SWIFT_STANDARD_LIBRARIES = YES;
				CODE_SIGN_STYLE = Automatic;
				INFOPLIST_FILE = "app-swiftUITests/Info.plist";
				LD_RUNPATH_SEARCH_PATHS = (
					"$(inherited)",
					"@executable_path/Frameworks",
					"@loader_path/Frameworks",
				);
				PRODUCT_BUNDLE_IDENTIFIER = "io.o2mc.app-swiftUITests";
				PRODUCT_NAME = "$(TARGET_NAME)";
				SWIFT_VERSION = 4.0;
				TARGETED_DEVICE_FAMILY = "1,2";
				TEST_TARGET_NAME = "app-swift";
			};
			name = Debug;
		};
		81CF9E5E20F77B56009887B7 /* Release */ = {
			isa = XCBuildConfiguration;
			buildSettings = {
				ALWAYS_EMBED_SWIFT_STANDARD_LIBRARIES = YES;
				CODE_SIGN_STYLE = Automatic;
				INFOPLIST_FILE = "app-swiftUITests/Info.plist";
				LD_RUNPATH_SEARCH_PATHS = (
					"$(inherited)",
					"@executable_path/Frameworks",
					"@loader_path/Frameworks",
				);
				PRODUCT_BUNDLE_IDENTIFIER = "io.o2mc.app-swiftUITests";
				PRODUCT_NAME = "$(TARGET_NAME)";
				SWIFT_VERSION = 4.0;
				TARGETED_DEVICE_FAMILY = "1,2";
				TEST_TARGET_NAME = "app-swift";
			};
			name = Release;
		};
/* End XCBuildConfiguration section */

/* Begin XCConfigurationList section */
		81CF9E2920F77B52009887B7 /* Build configuration list for PBXProject "app-swift" */ = {
			isa = XCConfigurationList;
			buildConfigurations = (
				81CF9E5420F77B56009887B7 /* Debug */,
				81CF9E5520F77B56009887B7 /* Release */,
			);
			defaultConfigurationIsVisible = 0;
			defaultConfigurationName = Release;
		};
		81CF9E5620F77B56009887B7 /* Build configuration list for PBXNativeTarget "app-swift" */ = {
			isa = XCConfigurationList;
			buildConfigurations = (
				81CF9E5720F77B56009887B7 /* Debug */,
				81CF9E5820F77B56009887B7 /* Release */,
			);
			defaultConfigurationIsVisible = 0;
			defaultConfigurationName = Release;
		};
		81CF9E5920F77B56009887B7 /* Build configuration list for PBXNativeTarget "app-swiftTests" */ = {
			isa = XCConfigurationList;
			buildConfigurations = (
				81CF9E5A20F77B56009887B7 /* Debug */,
				81CF9E5B20F77B56009887B7 /* Release */,
			);
			defaultConfigurationIsVisible = 0;
			defaultConfigurationName = Release;
		};
		81CF9E5C20F77B56009887B7 /* Build configuration list for PBXNativeTarget "app-swiftUITests" */ = {
			isa = XCConfigurationList;
			buildConfigurations = (
				81CF9E5D20F77B56009887B7 /* Debug */,
				81CF9E5E20F77B56009887B7 /* Release */,
			);
			defaultConfigurationIsVisible = 0;
			defaultConfigurationName = Release;
		};
/* End XCConfigurationList section */
	};
	rootObject = 81CF9E2620F77B52009887B7 /* Project object */;
}
